%{"bbmustache": {:hex, :bbmustache, "1.0.4", "7ba94f971c5afd7b6617918a4bb74705e36cab36eb84b19b6a1b7ee06427aa38", [], [], "hexpm"},
  "certifi": {:hex, :certifi, "2.0.0", "a0c0e475107135f76b8c1d5bc7efb33cd3815cb3cf3dea7aefdd174dabead064", [], [], "hexpm"},
  "cf": {:hex, :cf, "0.2.2", "7f2913fff90abcabd0f489896cfeb0b0674f6c8df6c10b17a83175448029896c", [], [], "hexpm"},
  "earmark": {:hex, :earmark, "1.2.3", "206eb2e2ac1a794aa5256f3982de7a76bf4579ff91cb28d0e17ea2c9491e46a4", [], [], "hexpm"},
  "erlware_commons": {:hex, :erlware_commons, "1.0.0", "087467de5833c0bb5b3ccdd387f9e9c1fb816a75b7a709629bf24b5ed3246c51", [], [{:cf, "0.2.2", [hex: :cf, repo: "hexpm", optional: false]}], "hexpm"},
  "ex_doc": {:hex, :ex_doc, "0.16.3", "cd2a4cfe5d26e37502d3ec776702c72efa1adfa24ed9ce723bb565f4c30bd31a", [], [{:earmark, "~> 1.1", [hex: :earmark, repo: "hexpm", optional: false]}], "hexpm"},
  "excoveralls": {:hex, :excoveralls, "0.7.2", "f69ede8c122ccd3b60afc775348a53fc8c39fe4278aee2f538f0d81cc5e7ff3a", [], [{:exjsx, ">= 3.0.0", [hex: :exjsx, repo: "hexpm", optional: false]}, {:hackney, ">= 0.12.0", [hex: :hackney, repo: "hexpm", optional: false]}], "hexpm"},
  "exjsx": {:hex, :exjsx, "4.0.0", "60548841e0212df401e38e63c0078ec57b33e7ea49b032c796ccad8cde794b5c", [], [{:jsx, "~> 2.8.0", [hex: :jsx, repo: "hexpm", optional: false]}], "hexpm"},
  "exrm": {:hex, :exrm, "1.0.8", "5aa8990cdfe300282828b02cefdc339e235f7916388ce99f9a1f926a9271a45d", [], [{:relx, "~> 3.5", [hex: :relx, repo: "hexpm", optional: false]}], "hexpm"},
  "getopt": {:hex, :getopt, "0.8.2", "b17556db683000ba50370b16c0619df1337e7af7ecbf7d64fbf8d1d6bce3109b", [], [], "hexpm"},
  "hackney": {:hex, :hackney, "1.9.0", "51c506afc0a365868469dcfc79a9d0b94d896ec741cfd5bd338f49a5ec515bfe", [], [{:certifi, "2.0.0", [hex: :certifi, repo: "hexpm", optional: false]}, {:idna, "5.1.0", [hex: :idna, repo: "hexpm", optional: false]}, {:metrics, "1.0.1", [hex: :metrics, repo: "hexpm", optional: false]}, {:mimerl, "1.0.2", [hex: :mimerl, repo: "hexpm", optional: false]}, {:ssl_verify_fun, "1.1.1", [hex: :ssl_verify_fun, repo: "hexpm", optional: false]}], "hexpm"},
  "idna": {:hex, :idna, "5.1.0", "d72b4effeb324ad5da3cab1767cb16b17939004e789d8c0ad5b70f3cea20c89a", [], [{:unicode_util_compat, "0.3.1", [hex: :unicode_util_compat, repo: "hexpm", optional: false]}], "hexpm"},
  "jsx": {:hex, :jsx, "2.8.2", "7acc7d785b5abe8a6e9adbde926a24e481f29956dd8b4df49e3e4e7bcc92a018", [], [], "hexpm"},
  "metrics": {:hex, :metrics, "1.0.1", "25f094dea2cda98213cecc3aeff09e940299d950904393b2a29d191c346a8486", [], [], "hexpm"},
  "mimerl": {:hex, :mimerl, "1.0.2", "993f9b0e084083405ed8252b99460c4f0563e41729ab42d9074fd5e52439be88", [], [], "hexpm"},
  "providers": {:hex, :providers, "1.6.0", "db0e2f9043ae60c0155205fcd238d68516331d0e5146155e33d1e79dc452964a", [], [{:getopt, "0.8.2", [hex: :getopt, repo: "hexpm", optional: false]}], "hexpm"},
  "relx": {:hex, :relx, "3.23.1", "8af4433934d9bb664e8282d2e45ac5deaff44859ddaabbe50cd7d885581cd24d", [], [{:bbmustache, "1.0.4", [hex: :bbmustache, repo: "hexpm", optional: false]}, {:cf, "0.2.2", [hex: :cf, repo: "hexpm", optional: false]}, {:erlware_commons, "1.0.0", [hex: :erlware_commons, repo: "hexpm", optional: false]}, {:getopt, "0.8.2", [hex: :getopt, repo: "hexpm", optional: false]}, {:providers, "1.6.0", [hex: :providers, repo: "hexpm", optional: false]}], "hexpm"},
  "ssl_verify_fun": {:hex, :ssl_verify_fun, "1.1.1", "28a4d65b7f59893bc2c7de786dec1e1555bd742d336043fe644ae956c3497fbe", [], [], "hexpm"},
  "unicode_util_compat": {:hex, :unicode_util_compat, "0.3.1", "a1f612a7b512638634a603c8f401892afbf99b8ce93a45041f8aaca99cadb85e", [], [], "hexpm"}}
